
Microsoft Visual Studio Solution File, Format Version 12.00
# Visual Studio Version 17
VisualStudioVersion = 17.14.36301.6 d17.14
MinimumVisualStudioVersion = 10.0.40219.1
Project("{FAE04EC0-301F-11D3-BF4B-00C04F79EFBC}") = "JWT-API", "JWT-API.csproj", "{A1ADD64D-C4F7-4E62-B9CA-AF17ED2F768A}"
EndProject
Global
	GlobalSection(SolutionConfigurationPlatforms) = preSolution
		Debug|Any CPU = Debug|Any CPU
		Release|Any CPU = Release|Any CPU
	EndGlobalSection
	GlobalSection(ProjectConfigurationPlatforms) = postSolution
		{A1ADD64D-C4F7-4E62-B9CA-AF17ED2F768A}.Debug|Any CPU.ActiveCfg = Debug|Any CPU
		{A1ADD64D-C4F7-4E62-B9CA-AF17ED2F768A}.Debug|Any CPU.Build.0 = Debug|Any CPU
		{A1ADD64D-C4F7-4E62-B9CA-AF17ED2F768A}.Release|Any CPU.ActiveCfg = Release|Any CPU
		{A1ADD64D-C4F7-4E62-B9CA-AF17ED2F768A}.Release|Any CPU.Build.0 = Release|Any CPU
	EndGlobalSection
	GlobalSection(SolutionProperties) = preSolution
		HideSolutionNode = FALSE
	EndGlobalSection
	GlobalSection(ExtensibilityGlobals) = postSolution
		SolutionGuid = {4EA6E72E-86A8-46AE-BE4A-1EDC47BCE1A5}
	EndGlobalSection
EndGlobal
